
Microsoft Visual Studio Solution File, Format Version 12.00
# Visual Studio Version 17
VisualStudioVersion = 17.2.32516.85
MinimumVisualStudioVersion = 10.0.40219.1
Project("{9A19103F-16F7-4668-BE54-9A1E7A4F7556}") = "LogFileToDB", "LogFileToDB\LogFileToDB.csproj", "{72271AED-03C6-483F-A169-598A7B9DE6FD}"
EndProject
Project("{FAE04EC0-301F-11D3-BF4B-00C04F79EFBC}") = "Database", "Database\Database.csproj", "{5F454B8F-8948-4434-807C-E7591506352C}"
EndProject
Project("{FAE04EC0-301F-11D3-BF4B-00C04F79EFBC}") = "Core", "Core\Core.csproj", "{9A4F450C-22E6-46F7-8621-54E15BEF26CC}"
EndProject
Global
	GlobalSection(SolutionConfigurationPlatforms) = preSolution
		Debug|Any CPU = Debug|Any CPU
		Release|Any CPU = Release|Any CPU
	EndGlobalSection
	GlobalSection(ProjectConfigurationPlatforms) = postSolution
		{72271AED-03C6-483F-A169-598A7B9DE6FD}.Debug|Any CPU.ActiveCfg = Debug|Any CPU
		{72271AED-03C6-483F-A169-598A7B9DE6FD}.Debug|Any CPU.Build.0 = Debug|Any CPU
		{72271AED-03C6-483F-A169-598A7B9DE6FD}.Release|Any CPU.ActiveCfg = Release|Any CPU
		{72271AED-03C6-483F-A169-598A7B9DE6FD}.Release|Any CPU.Build.0 = Release|Any CPU
		{5F454B8F-8948-4434-807C-E7591506352C}.Debug|Any CPU.ActiveCfg = Debug|Any CPU
		{5F454B8F-8948-4434-807C-E7591506352C}.Debug|Any CPU.Build.0 = Debug|Any CPU
		{5F454B8F-8948-4434-807C-E7591506352C}.Release|Any CPU.ActiveCfg = Release|Any CPU
		{5F454B8F-8948-4434-807C-E7591506352C}.Release|Any CPU.Build.0 = Release|Any CPU
		{9A4F450C-22E6-46F7-8621-54E15BEF26CC}.Debug|Any CPU.ActiveCfg = Debug|Any CPU
		{9A4F450C-22E6-46F7-8621-54E15BEF26CC}.Debug|Any CPU.Build.0 = Debug|Any CPU
		{9A4F450C-22E6-46F7-8621-54E15BEF26CC}.Release|Any CPU.ActiveCfg = Release|Any CPU
		{9A4F450C-22E6-46F7-8621-54E15BEF26CC}.Release|Any CPU.Build.0 = Release|Any CPU
	EndGlobalSection
	GlobalSection(SolutionProperties) = preSolution
		HideSolutionNode = FALSE
	EndGlobalSection
	GlobalSection(ExtensibilityGlobals) = postSolution
		SolutionGuid = {24E6ADFB-9619-4AEF-96F4-A677BED715D2}
	EndGlobalSection
EndGlobal
